{
    "_readme": [
        "This file locks the dependencies of your project to a known state",
        "Read more about it at https://getcomposer.org/doc/01-basic-usage.md#composer-lock-the-lock-file",
        "This file is @generated automatically"
    ],
    "hash": "1bec7fc6782209f38344da1ffa0331e7",
    "content-hash": "7074f1cdb2bf1f3e807435e98d252f1b",
    "packages": [
        {
            "name": "beberlei/assert",
            "version": "v2.4",
            "source": {
                "type": "git",
                "url": "https://github.com/beberlei/assert.git",
                "reference": "7281b1fd8118b31cb9162c2fb5a4cc6f01d62ed6"
            },
            "dist": {
                "type": "zip",
                "url": "https://api.github.com/repos/beberlei/assert/zipball/7281b1fd8118b31cb9162c2fb5a4cc6f01d62ed6",
                "reference": "7281b1fd8118b31cb9162c2fb5a4cc6f01d62ed6",
                "shasum": ""
            },
            "require": {
                "ext-mbstring": "*",
                "php": ">=5.3"
            },
            "require-dev": {
                "phpunit/phpunit": "@stable"
            },
            "type": "library",
            "extra": {
                "branch-alias": {
                    "dev-master": "2.3-dev"
                }
            },
            "autoload": {
                "psr-0": {
                    "Assert": "lib/"
                },
                "files": [
                    "lib/Assert/functions.php"
                ]
            },
            "notification-url": "https://packagist.org/downloads/",
            "license": [
                "BSD-2-Clause"
            ],
            "authors": [
                {
                    "name": "Benjamin Eberlei",
                    "email": "kontakt@beberlei.de"
                }
            ],
            "description": "Thin assertion library for input validation in business models.",
            "keywords": [
                "assert",
                "assertion",
                "validation"
            ],
            "time": "2015-08-21 16:50:17"
        },
        {
            "name": "phpseclib/phpseclib",
            "version": "2.0.1",
            "source": {
                "type": "git",
                "url": "https://github.com/phpseclib/phpseclib.git",
                "reference": "ba6fb78f727cd09f2a649113b95468019e490585"
            },
            "dist": {
                "type": "zip",
                "url": "https://api.github.com/repos/phpseclib/phpseclib/zipball/ba6fb78f727cd09f2a649113b95468019e490585",
                "reference": "ba6fb78f727cd09f2a649113b95468019e490585",
                "shasum": ""
            },
            "require": {
                "php": ">=5.3.3"
            },
            "require-dev": {
                "phing/phing": "~2.7",
                "phpunit/phpunit": "~4.0",
                "sami/sami": "~2.0",
                "squizlabs/php_codesniffer": "~2.0"
            },
            "suggest": {
                "ext-gmp": "Install the GMP (GNU Multiple Precision) extension in order to speed up arbitrary precision integer arithmetic operations.",
                "ext-libsodium": "SSH2/SFTP can make use of some algorithms provided by the libsodium-php extension.",
                "ext-mcrypt": "Install the Mcrypt extension in order to speed up a few other cryptographic operations.",
                "ext-openssl": "Install the OpenSSL extension in order to speed up a wide variety of cryptographic operations."
            },
            "type": "library",
            "autoload": {
                "psr-4": {
                    "phpseclib\\": "phpseclib/"
                }
            },
            "notification-url": "https://packagist.org/downloads/",
            "license": [
                "MIT"
            ],
            "authors": [
                {
                    "name": "Jim Wigginton",
                    "email": "terrafrost@php.net",
                    "role": "Lead Developer"
                },
                {
                    "name": "Patrick Monnerat",
                    "email": "pm@datasphere.ch",
                    "role": "Developer"
                },
                {
                    "name": "Andreas Fischer",
                    "email": "bantu@phpbb.com",
                    "role": "Developer"
                },
                {
                    "name": "Hans-Jürgen Petrich",
                    "email": "petrich@tronic-media.com",
                    "role": "Developer"
                },
                {
                    "name": "Graham Campbell",
                    "email": "graham@alt-three.com",
                    "role": "Developer"
                }
            ],
            "description": "PHP Secure Communications Library - Pure-PHP implementations of RSA, AES, SSH2, SFTP, X.509 etc.",
            "homepage": "http://phpseclib.sourceforge.net",
            "keywords": [
                "BigInteger",
                "aes",
                "asn.1",
                "asn1",
                "blowfish",
                "crypto",
                "cryptography",
                "encryption",
                "rsa",
                "security",
                "sftp",
                "signature",
                "signing",
                "ssh",
                "twofish",
                "x.509",
                "x509"
            ],
            "time": "2016-01-18 17:07:21"
        },
        {
            "name": "spomky-labs/aes-key-wrap",
            "version": "v2.0.4",
            "source": {
                "type": "git",
                "url": "https://github.com/Spomky-Labs/aes-key-wrap.git",
                "reference": "237a7d0129cbf713d365ef6661d2e010c62856d6"
            },
            "dist": {
                "type": "zip",
                "url": "https://api.github.com/repos/Spomky-Labs/aes-key-wrap/zipball/237a7d0129cbf713d365ef6661d2e010c62856d6",
                "reference": "237a7d0129cbf713d365ef6661d2e010c62856d6",
                "shasum": ""
            },
            "require": {
                "beberlei/assert": "^2.0",
                "php": ">=5.4"
            },
            "require-dev": {
                "phpunit/phpunit": "^4.5.0|^5.0.0",
                "satooshi/php-coveralls": "^1.0.0"
            },
            "suggest": {
                "ext-mcrypt": "Install MCrypt extension. If OpenSSL is installed, MCrypt is ignored. OpenSSL or MCrypt extension is required.",
                "lib-openssl": "Install OpenSSL extension if you want to use OpenSSL instead of MCrypt"
            },
            "type": "library",
            "extra": {
                "branch-alias": {
                    "dev-master": "2.0.x-dev"
                }
            },
            "autoload": {
                "psr-4": {
                    "AESKW\\": "src/"
                }
            },
            "notification-url": "https://packagist.org/downloads/",
            "license": [
                "MIT"
            ],
            "authors": [
                {
                    "name": "Florent Morselli",
                    "homepage": "https://github.com/Spomky-Labs/aes-key-wrap/contributors"
                }
            ],
            "description": "AES Kew Wrap for PHP.",
            "homepage": "https://github.com/Spomky-Labs/aes-key-wrap",
            "keywords": [
                "A128KW",
                "A192KW",
                "A256KW",
                "RFC3394",
                "RFC5649",
                "aes",
                "key",
                "padding",
                "wrap"
            ],
            "time": "2016-03-03 12:07:19"
        },
        {
            "name": "spomky-labs/base64url",
            "version": "v1.0.2",
            "source": {
                "type": "git",
                "url": "https://github.com/Spomky-Labs/base64url.git",
                "reference": "ef6d5fb93894063d9cee996022259fd08d6646ea"
            },
            "dist": {
                "type": "zip",
                "url": "https://api.github.com/repos/Spomky-Labs/base64url/zipball/ef6d5fb93894063d9cee996022259fd08d6646ea",
                "reference": "ef6d5fb93894063d9cee996022259fd08d6646ea",
                "shasum": ""
            },
            "require": {
                "php": "^5.3|^7.0"
            },
            "require-dev": {
                "phpunit/phpunit": "^4.0|^5.0",
                "satooshi/php-coveralls": "^1.0"
            },
            "type": "library",
            "extra": {
                "branch-alias": {
                    "dev-master": "1.0.x-dev"
                }
            },
            "autoload": {
                "psr-4": {
                    "Base64Url\\": "src/"
                }
            },
            "notification-url": "https://packagist.org/downloads/",
            "license": [
                "MIT"
            ],
            "authors": [
                {
                    "name": "Florent Morselli",
                    "homepage": "https://github.com/Spomky-Labs/base64url/contributors"
                }
            ],
            "description": "Base 64 URL Safe Encoding/decoding PHP Library",
            "homepage": "https://github.com/Spomky-Labs/base64url",
            "keywords": [
                "base64",
                "rfc4648",
                "safe",
                "url"
            ],
            "time": "2016-01-21 19:50:30"
        },
        {
            "name": "spomky-labs/jose",
            "version": "v2.0.0-beta1",
            "source": {
                "type": "git",
                "url": "https://github.com/Spomky-Labs/jose.git",
                "reference": "fe04e5b8b160990f27ff30fc61369ab05e28f319"
            },
            "dist": {
                "type": "zip",
                "url": "https://api.github.com/repos/Spomky-Labs/jose/zipball/fe04e5b8b160990f27ff30fc61369ab05e28f319",
                "reference": "fe04e5b8b160990f27ff30fc61369ab05e28f319",
                "shasum": ""
            },
            "require": {
                "beberlei/assert": "^2.0",
                "lib-openssl": "*",
                "php": ">=5.5.9",
                "phpseclib/phpseclib": "^2.0",
                "spomky-labs/aes-key-wrap": "^2.0",
                "spomky-labs/base64url": "^1.0"
            },
            "require-dev": {
                "mdanter/ecc": "0.3",
                "phpunit/phpunit": "^4.5|^5.0",
                "satooshi/php-coveralls": "^1.0"
            },
            "suggest": {
                "ext-crypto": "Required to use AES GCM based algorithms.",
                "mdanter/ecc": "Required to use ECC based algorithms (only v0.3 is supported)."
            },
            "type": "library",
            "extra": {
                "branch-alias": {
                    "dev-master": "2.0.x-dev"
                }
            },
            "autoload": {
                "psr-4": {
                    "Jose\\": "src/"
                }
            },
            "notification-url": "https://packagist.org/downloads/",
            "license": [
                "MIT"
            ],
            "authors": [
                {
                    "name": "Florent Morselli",
                    "homepage": "https://github.com/Spomky"
                },
                {
                    "name": "All contributors",
                    "homepage": "https://github.com/Spomky-Labs/jose/contributors"
                }
            ],
            "description": "JSON Object Signing and Encryption library for PHP.",
            "homepage": "https://github.com/Spomky-Labs/Jose",
            "keywords": [
                "JOSE",
                "JWE",
                "JWK",
                "JWKSet",
                "JWS",
                "Jot",
                "RFC7515",
                "RFC7516",
                "RFC7517",
                "RFC7518",
                "RFC7519",
                "RFC7520",
                "jwa",
                "jwt"
            ],
            "time": "2016-02-21 10:50:42"
        }
    ],
    "packages-dev": [],
    "aliases": [],
    "minimum-stability": "stable",
    "stability-flags": {
        "spomky-labs/jose": 10
    },
    "prefer-stable": false,
    "prefer-lowest": false,
    "platform": {
        "php": ">=5.4.0",
        "lib-openssl": "*",
        "lib-curl": "*"
    },
    "platform-dev": []
}
